{
  "name": "@minhspark/icons-pro-max",
  "version": "2.2.0",
  "lockfileVersion": 3,
  "requires": true,
  "packages": {
    "": {
      "name": "@minhspark/icons-pro-max",
      "version": "2.2.0",
      "license": "SEE LICENSE IN LICENSE",
      "engines": {
        "node": ">=22"
      }
    }
  }
}
